
Microsoft Visual Studio Solution File, Format Version 12.00
# Visual Studio Version 16
VisualStudioVersion = 16.0.31005.135
MinimumVisualStudioVersion = 10.0.40219.1
Project("{FAE04EC0-301F-11D3-BF4B-00C04F79EFBC}") = "quanlyshopgiaydep", "quanlyshopgiaydep\quanlyshopgiaydep.csproj", "{1D7C94DC-41F6-4822-9DF0-BCDEC636CD68}"
EndProject
Global
	GlobalSection(SolutionConfigurationPlatforms) = preSolution
		Debug|Any CPU = Debug|Any CPU
		Release|Any CPU = Release|Any CPU
	EndGlobalSection
	GlobalSection(ProjectConfigurationPlatforms) = postSolution
		{1D7C94DC-41F6-4822-9DF0-BCDEC636CD68}.Debug|Any CPU.ActiveCfg = Debug|Any CPU
		{1D7C94DC-41F6-4822-9DF0-BCDEC636CD68}.Debug|Any CPU.Build.0 = Debug|Any CPU
		{1D7C94DC-41F6-4822-9DF0-BCDEC636CD68}.Release|Any CPU.ActiveCfg = Release|Any CPU
		{1D7C94DC-41F6-4822-9DF0-BCDEC636CD68}.Release|Any CPU.Build.0 = Release|Any CPU
	EndGlobalSection
	GlobalSection(SolutionProperties) = preSolution
		HideSolutionNode = FALSE
	EndGlobalSection
	GlobalSection(ExtensibilityGlobals) = postSolution
		SolutionGuid = {6C7E36CB-6676-4365-9180-9356C1D7A70C}
	EndGlobalSection
EndGlobal
